
Microsoft Visual Studio Solution File, Format Version 12.00
# Visual Studio 15
VisualStudioVersion = 15.0.28010.2003
MinimumVisualStudioVersion = 10.0.40219.1
Project("{9A19103F-16F7-4668-BE54-9A1E7A4F7556}") = "QaKit.FileComparer", "QaKit.FileComparer.csproj", "{FB0E05DE-FC05-4A6E-BA5D-2D0B7800C9B7}"
EndProject
Project("{FAE04EC0-301F-11D3-BF4B-00C04F79EFBC}") = "QaKit.FileComparer.Tests", "..\QaKit.FileComparer.Tests\QaKit.FileComparer.Tests.csproj", "{F7D0D0FF-2C29-4A13-80AF-3EE1638CDA23}"
EndProject
Global
	GlobalSection(SolutionConfigurationPlatforms) = preSolution
		Debug|Any CPU = Debug|Any CPU
		Release|Any CPU = Release|Any CPU
	EndGlobalSection
	GlobalSection(ProjectConfigurationPlatforms) = postSolution
		{FB0E05DE-FC05-4A6E-BA5D-2D0B7800C9B7}.Debug|Any CPU.ActiveCfg = Debug|Any CPU
		{FB0E05DE-FC05-4A6E-BA5D-2D0B7800C9B7}.Debug|Any CPU.Build.0 = Debug|Any CPU
		{FB0E05DE-FC05-4A6E-BA5D-2D0B7800C9B7}.Release|Any CPU.ActiveCfg = Release|Any CPU
		{FB0E05DE-FC05-4A6E-BA5D-2D0B7800C9B7}.Release|Any CPU.Build.0 = Release|Any CPU
		{F7D0D0FF-2C29-4A13-80AF-3EE1638CDA23}.Debug|Any CPU.ActiveCfg = Debug|Any CPU
		{F7D0D0FF-2C29-4A13-80AF-3EE1638CDA23}.Debug|Any CPU.Build.0 = Debug|Any CPU
		{F7D0D0FF-2C29-4A13-80AF-3EE1638CDA23}.Release|Any CPU.ActiveCfg = Release|Any CPU
		{F7D0D0FF-2C29-4A13-80AF-3EE1638CDA23}.Release|Any CPU.Build.0 = Release|Any CPU
	EndGlobalSection
	GlobalSection(SolutionProperties) = preSolution
		HideSolutionNode = FALSE
	EndGlobalSection
	GlobalSection(ExtensibilityGlobals) = postSolution
		SolutionGuid = {60D2E754-080B-4937-96B8-EAC5A4130081}
	EndGlobalSection
EndGlobal
